
Microsoft Visual Studio Solution File, Format Version 12.00
# Visual Studio 15
VisualStudioVersion = 15.0.26403.3
MinimumVisualStudioVersion = 10.0.40219.1
Project("{FAE04EC0-301F-11D3-BF4B-00C04F79EFBC}") = "App", "App\App.csproj", "{F56930C8-AC4B-43A1-8179-BCF4DDB0C19D}"
EndProject
Project("{FAE04EC0-301F-11D3-BF4B-00C04F79EFBC}") = "Model", "Model\Model.csproj", "{FFCB4526-8051-4A42-87FC-D77AA0B0C4AB}"
EndProject
Global
	GlobalSection(SolutionConfigurationPlatforms) = preSolution
		Debug|Any CPU = Debug|Any CPU
		Release|Any CPU = Release|Any CPU
	EndGlobalSection
	GlobalSection(ProjectConfigurationPlatforms) = postSolution
		{F56930C8-AC4B-43A1-8179-BCF4DDB0C19D}.Debug|Any CPU.ActiveCfg = Debug|Any CPU
		{F56930C8-AC4B-43A1-8179-BCF4DDB0C19D}.Debug|Any CPU.Build.0 = Debug|Any CPU
		{F56930C8-AC4B-43A1-8179-BCF4DDB0C19D}.Release|Any CPU.ActiveCfg = Release|Any CPU
		{F56930C8-AC4B-43A1-8179-BCF4DDB0C19D}.Release|Any CPU.Build.0 = Release|Any CPU
		{FFCB4526-8051-4A42-87FC-D77AA0B0C4AB}.Debug|Any CPU.ActiveCfg = Debug|Any CPU
		{FFCB4526-8051-4A42-87FC-D77AA0B0C4AB}.Debug|Any CPU.Build.0 = Debug|Any CPU
		{FFCB4526-8051-4A42-87FC-D77AA0B0C4AB}.Release|Any CPU.ActiveCfg = Release|Any CPU
		{FFCB4526-8051-4A42-87FC-D77AA0B0C4AB}.Release|Any CPU.Build.0 = Release|Any CPU
	EndGlobalSection
	GlobalSection(SolutionProperties) = preSolution
		HideSolutionNode = FALSE
	EndGlobalSection
EndGlobal
